
Microsoft Visual Studio Solution File, Format Version 12.00
# Visual Studio Version 17
VisualStudioVersion = 17.0.31903.59
MinimumVisualStudioVersion = 10.0.40219.1
Project("{2150E333-8FDC-42A3-9474-1A3956D46DE8}") = "src", "src", "{827E0CD3-B72D-47B6-A68D-7590B98EB39B}"
EndProject
Project("{FAE04EC0-301F-11D3-BF4B-00C04F79EFBC}") = "ProManage360.API", "src\ProManage360.API\ProManage360.API.csproj", "{A37529B1-705F-44AB-BE4C-BA9D7AC2A779}"
EndProject
Project("{FAE04EC0-301F-11D3-BF4B-00C04F79EFBC}") = "ProManage360.Application", "src\ProManage360.Application\ProManage360.Application.csproj", "{93816CE2-B01D-48CC-97AF-7C0B267D7F6E}"
EndProject
Project("{FAE04EC0-301F-11D3-BF4B-00C04F79EFBC}") = "ProManage360.Domain", "src\ProManage360.Domain\ProManage360.Domain.csproj", "{EF8D809A-AB94-4190-A8A5-C9248EE0D955}"
EndProject
Project("{FAE04EC0-301F-11D3-BF4B-00C04F79EFBC}") = "ProManage360.Infrastructure", "src\ProManage360.Infrastructure\ProManage360.Infrastructure.csproj", "{CA000074-DF51-4BBB-8886-048BD3A9E287}"
EndProject
Project("{FAE04EC0-301F-11D3-BF4B-00C04F79EFBC}") = "ProManage360.Persistence", "src\ProManage360.Persistence\ProManage360.Persistence.csproj", "{35C1F76A-5F74-4268-9BBA-5D209E84A9EB}"
EndProject
Global
	GlobalSection(SolutionConfigurationPlatforms) = preSolution
		Debug|Any CPU = Debug|Any CPU
		Debug|x64 = Debug|x64
		Debug|x86 = Debug|x86
		Release|Any CPU = Release|Any CPU
		Release|x64 = Release|x64
		Release|x86 = Release|x86
	EndGlobalSection
	GlobalSection(ProjectConfigurationPlatforms) = postSolution
		{A37529B1-705F-44AB-BE4C-BA9D7AC2A779}.Debug|Any CPU.ActiveCfg = Debug|Any CPU
		{A37529B1-705F-44AB-BE4C-BA9D7AC2A779}.Debug|Any CPU.Build.0 = Debug|Any CPU
		{A37529B1-705F-44AB-BE4C-BA9D7AC2A779}.Debug|x64.ActiveCfg = Debug|Any CPU
		{A37529B1-705F-44AB-BE4C-BA9D7AC2A779}.Debug|x64.Build.0 = Debug|Any CPU
		{A37529B1-705F-44AB-BE4C-BA9D7AC2A779}.Debug|x86.ActiveCfg = Debug|Any CPU
		{A37529B1-705F-44AB-BE4C-BA9D7AC2A779}.Debug|x86.Build.0 = Debug|Any CPU
		{A37529B1-705F-44AB-BE4C-BA9D7AC2A779}.Release|Any CPU.ActiveCfg = Release|Any CPU
		{A37529B1-705F-44AB-BE4C-BA9D7AC2A779}.Release|Any CPU.Build.0 = Release|Any CPU
		{A37529B1-705F-44AB-BE4C-BA9D7AC2A779}.Release|x64.ActiveCfg = Release|Any CPU
		{A37529B1-705F-44AB-BE4C-BA9D7AC2A779}.Release|x64.Build.0 = Release|Any CPU
		{A37529B1-705F-44AB-BE4C-BA9D7AC2A779}.Release|x86.ActiveCfg = Release|Any CPU
		{A37529B1-705F-44AB-BE4C-BA9D7AC2A779}.Release|x86.Build.0 = Release|Any CPU
		{93816CE2-B01D-48CC-97AF-7C0B267D7F6E}.Debug|Any CPU.ActiveCfg = Debug|Any CPU
		{93816CE2-B01D-48CC-97AF-7C0B267D7F6E}.Debug|Any CPU.Build.0 = Debug|Any CPU
		{93816CE2-B01D-48CC-97AF-7C0B267D7F6E}.Debug|x64.ActiveCfg = Debug|Any CPU
		{93816CE2-B01D-48CC-97AF-7C0B267D7F6E}.Debug|x64.Build.0 = Debug|Any CPU
		{93816CE2-B01D-48CC-97AF-7C0B267D7F6E}.Debug|x86.ActiveCfg = Debug|Any CPU
		{93816CE2-B01D-48CC-97AF-7C0B267D7F6E}.Debug|x86.Build.0 = Debug|Any CPU
		{93816CE2-B01D-48CC-97AF-7C0B267D7F6E}.Release|Any CPU.ActiveCfg = Release|Any CPU
		{93816CE2-B01D-48CC-97AF-7C0B267D7F6E}.Release|Any CPU.Build.0 = Release|Any CPU
		{93816CE2-B01D-48CC-97AF-7C0B267D7F6E}.Release|x64.ActiveCfg = Release|Any CPU
		{93816CE2-B01D-48CC-97AF-7C0B267D7F6E}.Release|x64.Build.0 = Release|Any CPU
		{93816CE2-B01D-48CC-97AF-7C0B267D7F6E}.Release|x86.ActiveCfg = Release|Any CPU
		{93816CE2-B01D-48CC-97AF-7C0B267D7F6E}.Release|x86.Build.0 = Release|Any CPU
		{EF8D809A-AB94-4190-A8A5-C9248EE0D955}.Debug|Any CPU.ActiveCfg = Debug|Any CPU
		{EF8D809A-AB94-4190-A8A5-C9248EE0D955}.Debug|Any CPU.Build.0 = Debug|Any CPU
		{EF8D809A-AB94-4190-A8A5-C9248EE0D955}.Debug|x64.ActiveCfg = Debug|Any CPU
		{EF8D809A-AB94-4190-A8A5-C9248EE0D955}.Debug|x64.Build.0 = Debug|Any CPU
		{EF8D809A-AB94-4190-A8A5-C9248EE0D955}.Debug|x86.ActiveCfg = Debug|Any CPU
		{EF8D809A-AB94-4190-A8A5-C9248EE0D955}.Debug|x86.Build.0 = Debug|Any CPU
		{EF8D809A-AB94-4190-A8A5-C9248EE0D955}.Release|Any CPU.ActiveCfg = Release|Any CPU
		{EF8D809A-AB94-4190-A8A5-C9248EE0D955}.Release|Any CPU.Build.0 = Release|Any CPU
		{EF8D809A-AB94-4190-A8A5-C9248EE0D955}.Release|x64.ActiveCfg = Release|Any CPU
		{EF8D809A-AB94-4190-A8A5-C9248EE0D955}.Release|x64.Build.0 = Release|Any CPU
		{EF8D809A-AB94-4190-A8A5-C9248EE0D955}.Release|x86.ActiveCfg = Release|Any CPU
		{EF8D809A-AB94-4190-A8A5-C9248EE0D955}.Release|x86.Build.0 = Release|Any CPU
		{CA000074-DF51-4BBB-8886-048BD3A9E287}.Debug|Any CPU.ActiveCfg = Debug|Any CPU
		{CA000074-DF51-4BBB-8886-048BD3A9E287}.Debug|Any CPU.Build.0 = Debug|Any CPU
		{CA000074-DF51-4BBB-8886-048BD3A9E287}.Debug|x64.ActiveCfg = Debug|Any CPU
		{CA000074-DF51-4BBB-8886-048BD3A9E287}.Debug|x64.Build.0 = Debug|Any CPU
		{CA000074-DF51-4BBB-8886-048BD3A9E287}.Debug|x86.ActiveCfg = Debug|Any CPU
		{CA000074-DF51-4BBB-8886-048BD3A9E287}.Debug|x86.Build.0 = Debug|Any CPU
		{CA000074-DF51-4BBB-8886-048BD3A9E287}.Release|Any CPU.ActiveCfg = Release|Any CPU
		{CA000074-DF51-4BBB-8886-048BD3A9E287}.Release|Any CPU.Build.0 = Release|Any CPU
		{CA000074-DF51-4BBB-8886-048BD3A9E287}.Release|x64.ActiveCfg = Release|Any CPU
		{CA000074-DF51-4BBB-8886-048BD3A9E287}.Release|x64.Build.0 = Release|Any CPU
		{CA000074-DF51-4BBB-8886-048BD3A9E287}.Release|x86.ActiveCfg = Release|Any CPU
		{CA000074-DF51-4BBB-8886-048BD3A9E287}.Release|x86.Build.0 = Release|Any CPU
		{35C1F76A-5F74-4268-9BBA-5D209E84A9EB}.Debug|Any CPU.ActiveCfg = Debug|Any CPU
		{35C1F76A-5F74-4268-9BBA-5D209E84A9EB}.Debug|Any CPU.Build.0 = Debug|Any CPU
		{35C1F76A-5F74-4268-9BBA-5D209E84A9EB}.Debug|x64.ActiveCfg = Debug|Any CPU
		{35C1F76A-5F74-4268-9BBA-5D209E84A9EB}.Debug|x64.Build.0 = Debug|Any CPU
		{35C1F76A-5F74-4268-9BBA-5D209E84A9EB}.Debug|x86.ActiveCfg = Debug|Any CPU
		{35C1F76A-5F74-4268-9BBA-5D209E84A9EB}.Debug|x86.Build.0 = Debug|Any CPU
		{35C1F76A-5F74-4268-9BBA-5D209E84A9EB}.Release|Any CPU.ActiveCfg = Release|Any CPU
		{35C1F76A-5F74-4268-9BBA-5D209E84A9EB}.Release|Any CPU.Build.0 = Release|Any CPU
		{35C1F76A-5F74-4268-9BBA-5D209E84A9EB}.Release|x64.ActiveCfg = Release|Any CPU
		{35C1F76A-5F74-4268-9BBA-5D209E84A9EB}.Release|x64.Build.0 = Release|Any CPU
		{35C1F76A-5F74-4268-9BBA-5D209E84A9EB}.Release|x86.ActiveCfg = Release|Any CPU
		{35C1F76A-5F74-4268-9BBA-5D209E84A9EB}.Release|x86.Build.0 = Release|Any CPU
	EndGlobalSection
	GlobalSection(SolutionProperties) = preSolution
		HideSolutionNode = FALSE
	EndGlobalSection
	GlobalSection(NestedProjects) = preSolution
		{A37529B1-705F-44AB-BE4C-BA9D7AC2A779} = {827E0CD3-B72D-47B6-A68D-7590B98EB39B}
		{93816CE2-B01D-48CC-97AF-7C0B267D7F6E} = {827E0CD3-B72D-47B6-A68D-7590B98EB39B}
		{EF8D809A-AB94-4190-A8A5-C9248EE0D955} = {827E0CD3-B72D-47B6-A68D-7590B98EB39B}
		{CA000074-DF51-4BBB-8886-048BD3A9E287} = {827E0CD3-B72D-47B6-A68D-7590B98EB39B}
		{35C1F76A-5F74-4268-9BBA-5D209E84A9EB} = {827E0CD3-B72D-47B6-A68D-7590B98EB39B}
	EndGlobalSection
	GlobalSection(ExtensibilityGlobals) = postSolution
		SolutionGuid = {44600485-0C4A-4063-A680-EA2931BD91C2}
	EndGlobalSection
EndGlobal
